<?xml version="1.0" encoding="utf-8"?>
<Project ToolsVersion="4.0" xmlns="http://schemas.microsoft.com/developer/msbuild/2003">
  <ItemGroup>
    <Filter Include="Source Files">
      <UniqueIdentifier>{cc6f2051-5410-4da9-a865-d1f531b7d3e9}</UniqueIdentifier>
      <Extensions>cpp;c;cxx;rc;def;r;odl;idl;hpj;bat</Extensions>
    </Filter>
    <Filter Include="Header Files">
      <UniqueIdentifier>{a4f3d749-a951-486d-9102-de75d783439b}</UniqueIdentifier>
      <Extensions>h;hpp;hxx;hm;inl</Extensions>
    </Filter>
    <Filter Include="Resource Files">
      <UniqueIdentifier>{c35d6f2c-73ed-418a-9eec-016bc61c7052}</UniqueIdentifier>
      <Extensions>ico;cur;bmp;dlg;rc2;rct;bin;rgs;gif;jpg;jpeg;jpe</Extensions>
    </Filter>
    <Filter Include="fifoBuffer">
      <UniqueIdentifier>{f30bd70c-a955-4c2e-9b5a-1748ae5744f9}</UniqueIdentifier>
    </Filter>
  </ItemGroup>
  <ItemGroup>
    <ClCompile Include="cmdutils.c">
      <Filter>Source Files</Filter>
    </ClCompile>
    <ClCompile Include="ffPlay.cpp">
      <Filter>Source Files</Filter>
    </ClCompile>
    <ClCompile Include="StdAfx.cpp">
      <Filter>Source Files</Filter>
    </ClCompile>
    <ClCompile Include="testFFplay.cpp">
      <Filter>Source Files</Filter>
    </ClCompile>
    <ClCompile Include="testFFplayDlg.cpp">
      <Filter>Source Files</Filter>
    </ClCompile>
    <ClCompile Include="fifoBuffer\FifoBuffer.cpp">
      <Filter>fifoBuffer</Filter>
    </ClCompile>
  </ItemGroup>
  <ItemGroup>
    <ResourceCompile Include="testFFplay.rc">
      <Filter>Source Files</Filter>
    </ResourceCompile>
  </ItemGroup>
  <ItemGroup>
    <ClInclude Include="ffPlay.h">
      <Filter>Header Files</Filter>
    </ClInclude>
    <ClInclude Include="resource.h">
      <Filter>Header Files</Filter>
    </ClInclude>
    <ClInclude Include="StdAfx.h">
      <Filter>Header Files</Filter>
    </ClInclude>
    <ClInclude Include="testFFplay.h">
      <Filter>Header Files</Filter>
    </ClInclude>
    <ClInclude Include="testFFplayDlg.h">
      <Filter>Header Files</Filter>
    </ClInclude>
    <ClInclude Include="fifoBuffer\FifoBuffer.h">
      <Filter>fifoBuffer</Filter>
    </ClInclude>
  </ItemGroup>
  <ItemGroup>
    <None Include="res\testFFplay.ico">
      <Filter>Resource Files</Filter>
    </None>
    <None Include="res\testFFplay.rc2">
      <Filter>Resource Files</Filter>
    </None>
    <None Include="ReadMe.txt" />
  </ItemGroup>
</Project>