
Microsoft Visual Studio Solution File, Format Version 11.00
# Visual Studio 2010
Project("{8BC9CEB8-8B4A-11D0-8D11-00A0C91BC942}") = "testFFplay", "testFFplay.vcxproj", "{BA348979-1F48-4C91-AE37-4BA8E801CAC6}"
	ProjectSection(ProjectDependencies) = postProject
		{82AAF3BB-DE11-21B0-F37C-02012117E364} = {82AAF3BB-DE11-21B0-F37C-02012117E364}
	EndProjectSection
EndProject
Project("{8BC9CEB8-8B4A-11D0-8D11-00A0C91BC942}") = "render", "render\SRC\render.vcxproj", "{82AAF3BB-DE11-21B0-F37C-02012117E364}"
EndProject
Global
	GlobalSection(SolutionConfigurationPlatforms) = preSolution
		Debug|Win32 = Debug|Win32
		Release|Win32 = Release|Win32
	EndGlobalSection
	GlobalSection(ProjectConfigurationPlatforms) = postSolution
		{BA348979-1F48-4C91-AE37-4BA8E801CAC6}.Debug|Win32.ActiveCfg = Debug|Win32
		{BA348979-1F48-4C91-AE37-4BA8E801CAC6}.Debug|Win32.Build.0 = Debug|Win32
		{BA348979-1F48-4C91-AE37-4BA8E801CAC6}.Release|Win32.ActiveCfg = Release|Win32
		{BA348979-1F48-4C91-AE37-4BA8E801CAC6}.Release|Win32.Build.0 = Release|Win32
		{82AAF3BB-DE11-21B0-F37C-02012117E364}.Debug|Win32.ActiveCfg = Debug|Win32
		{82AAF3BB-DE11-21B0-F37C-02012117E364}.Debug|Win32.Build.0 = Debug|Win32
		{82AAF3BB-DE11-21B0-F37C-02012117E364}.Release|Win32.ActiveCfg = Release|Win32
		{82AAF3BB-DE11-21B0-F37C-02012117E364}.Release|Win32.Build.0 = Release|Win32
	EndGlobalSection
	GlobalSection(SolutionProperties) = preSolution
		HideSolutionNode = FALSE
	EndGlobalSection
EndGlobal
