<?xml version="1.0" encoding="utf-8"?>
<Project ToolsVersion="4.0" xmlns="http://schemas.microsoft.com/developer/msbuild/2003">
  <ItemGroup>
    <Filter Include="Source Files">
      <UniqueIdentifier>{5af68c90-7ce9-4121-994a-a013cf88c767}</UniqueIdentifier>
      <Extensions>cpp;c;cxx;rc;def;r;odl;idl;hpj;bat</Extensions>
    </Filter>
    <Filter Include="Header Files">
      <UniqueIdentifier>{4701c41d-96c8-4bd8-ae1f-bf8db30960d7}</UniqueIdentifier>
      <Extensions>h;hpp;hxx;hm;inl</Extensions>
    </Filter>
    <Filter Include="depend">
      <UniqueIdentifier>{1ed3e338-dac1-4d07-875a-9a1db35728dd}</UniqueIdentifier>
      <Extensions>lib</Extensions>
    </Filter>
    <Filter Include="Resource Files">
      <UniqueIdentifier>{c7db7359-6bcf-49e2-bf30-1c40566fd35c}</UniqueIdentifier>
      <Extensions>ico;cur;bmp;dlg;rc2;rct;bin;rgs;gif;jpg;jpeg;jpe</Extensions>
    </Filter>
  </ItemGroup>
  <ItemGroup>
    <ClCompile Include="bmpwriter.cpp">
      <Filter>Source Files</Filter>
    </ClCompile>
    <ClCompile Include="colorspace.cpp">
      <Filter>Source Files</Filter>
    </ClCompile>
    <ClCompile Include="ddoffscreenrender.cpp">
      <Filter>Source Files</Filter>
    </ClCompile>
    <ClCompile Include="ddoverlayrender.cpp">
      <Filter>Source Files</Filter>
    </ClCompile>
    <ClCompile Include="gdirender.cpp">
      <Filter>Source Files</Filter>
    </ClCompile>
    <ClCompile Include="manager.cpp">
      <Filter>Source Files</Filter>
    </ClCompile>
    <ClCompile Include="pcmrender.cpp">
      <Filter>Source Files</Filter>
    </ClCompile>
    <ClCompile Include="render.cpp">
      <Filter>Source Files</Filter>
    </ClCompile>
  </ItemGroup>
  <ItemGroup>
    <ClInclude Include="audiorender.h">
      <Filter>Header Files</Filter>
    </ClInclude>
    <ClInclude Include="bmpwriter.h">
      <Filter>Header Files</Filter>
    </ClInclude>
    <ClInclude Include="colorspace.h">
      <Filter>Header Files</Filter>
    </ClInclude>
    <ClInclude Include="ddoffscreenrender.h">
      <Filter>Header Files</Filter>
    </ClInclude>
    <ClInclude Include="ddoverlayrender.h">
      <Filter>Header Files</Filter>
    </ClInclude>
    <ClInclude Include="debugout.h">
      <Filter>Header Files</Filter>
    </ClInclude>
    <ClInclude Include="gdirender.h">
      <Filter>Header Files</Filter>
    </ClInclude>
    <ClInclude Include="JCONFIG.h">
      <Filter>Header Files</Filter>
    </ClInclude>
    <ClInclude Include="JMORECFG.h">
      <Filter>Header Files</Filter>
    </ClInclude>
    <ClInclude Include="JPEGLIB.h">
      <Filter>Header Files</Filter>
    </ClInclude>
    <ClInclude Include="manager.h">
      <Filter>Header Files</Filter>
    </ClInclude>
    <ClInclude Include="pcmrender.h">
      <Filter>Header Files</Filter>
    </ClInclude>
    <ClInclude Include="render.h">
      <Filter>Header Files</Filter>
    </ClInclude>
    <ClInclude Include="videorender.h">
      <Filter>Header Files</Filter>
    </ClInclude>
  </ItemGroup>
  <ItemGroup>
    <Library Include="depend\JpegLib.lib">
      <Filter>depend</Filter>
    </Library>
  </ItemGroup>
  <ItemGroup>
    <CustomBuild Include="ReadMe.txt" />
  </ItemGroup>
</Project>